
Microsoft Visual Studio Solution File, Format Version 12.00
# Visual Studio 15
VisualStudioVersion = 15.0.28307.168
MinimumVisualStudioVersion = 10.0.40219.1
Project("{FAE04EC0-301F-11D3-BF4B-00C04F79EFBC}") = "GitTEst1", "GitTEst1\GitTEst1.csproj", "{8D381090-4F0A-434B-BB85-2B45436218FB}"
EndProject
Global
	GlobalSection(SolutionConfigurationPlatforms) = preSolution
		Debug|Any CPU = Debug|Any CPU
		Release|Any CPU = Release|Any CPU
	EndGlobalSection
	GlobalSection(ProjectConfigurationPlatforms) = postSolution
		{8D381090-4F0A-434B-BB85-2B45436218FB}.Debug|Any CPU.ActiveCfg = Debug|Any CPU
		{8D381090-4F0A-434B-BB85-2B45436218FB}.Debug|Any CPU.Build.0 = Debug|Any CPU
		{8D381090-4F0A-434B-BB85-2B45436218FB}.Release|Any CPU.ActiveCfg = Release|Any CPU
		{8D381090-4F0A-434B-BB85-2B45436218FB}.Release|Any CPU.Build.0 = Release|Any CPU
	EndGlobalSection
	GlobalSection(SolutionProperties) = preSolution
		HideSolutionNode = FALSE
	EndGlobalSection
	GlobalSection(ExtensibilityGlobals) = postSolution
		SolutionGuid = {827DAB90-0A26-4B10-8505-0968228E739C}
	EndGlobalSection
EndGlobal
